// !$*UTF8*$!
{
	archiveVersion = 1;
	classes = {
	};
	objectVersion = 46;
	objects = {

/* Begin PBXBuildFile section */
		C28BD8731C2D825500D7136B /* DelegateB.m in Sources */ = {isa = PBXBuildFile; fileRef = C28BD8701C2D825500D7136B /* DelegateB.m */; settings = {ASSET_TAGS = (); }; };
		C28BD8741C2D825500D7136B /* DelegateA.m in Sources */ = {isa = PBXBuildFile; fileRef = C28BD8721C2D825500D7136B /* DelegateA.m */; settings = {ASSET_TAGS = (); }; };
		C28BD8791C2D860200D7136B /* BlockA.m in Sources */ = {isa = PBXBuildFile; fileRef = C28BD8761C2D860200D7136B /* BlockA.m */; settings = {ASSET_TAGS = (); }; };
		C28BD87A1C2D860200D7136B /* BlockB.m in Sources */ = {isa = PBXBuildFile; fileRef = C28BD8781C2D860200D7136B /* BlockB.m */; settings = {ASSET_TAGS = (); }; };
		C2E040651C2D5AB80084299E /* main.m in Sources */ = {isa = PBXBuildFile; fileRef = C2E040641C2D5AB80084299E /* main.m */; };
		C2E040681C2D5AB80084299E /* AppDelegate.m in Sources */ = {isa = PBXBuildFile; fileRef = C2E040671C2D5AB80084299E /* AppDelegate.m */; };
		C2E0406E1C2D5AB80084299E /* Main.storyboard in Resources */ = {isa = PBXBuildFile; fileRef = C2E0406C1C2D5AB80084299E /* Main.storyboard */; };
		C2E040701C2D5AB80084299E /* Assets.xcassets in Resources */ = {isa = PBXBuildFile; fileRef = C2E0406F1C2D5AB80084299E /* Assets.xcassets */; };
		C2E040731C2D5AB80084299E /* LaunchScreen.storyboard in Resources */ = {isa = PBXBuildFile; fileRef = C2E040711C2D5AB80084299E /* LaunchScreen.storyboard */; };
		C2E0407E1C2D5BA00084299E /* RootView.m in Sources */ = {isa = PBXBuildFile; fileRef = C2E0407A1C2D5BA00084299E /* RootView.m */; settings = {ASSET_TAGS = (); }; };
		C2E0407F1C2D5BA00084299E /* RootViewController.m in Sources */ = {isa = PBXBuildFile; fileRef = C2E0407C1C2D5BA00084299E /* RootViewController.m */; settings = {ASSET_TAGS = (); }; };
		C2E040851C2D5C620084299E /* SingleVC.m in Sources */ = {isa = PBXBuildFile; fileRef = C2E040821C2D5C620084299E /* SingleVC.m */; settings = {ASSET_TAGS = (); }; };
		C2E040861C2D5C620084299E /* SingleVC+foo.m in Sources */ = {isa = PBXBuildFile; fileRef = C2E040841C2D5C620084299E /* SingleVC+foo.m */; settings = {ASSET_TAGS = (); }; };
		C2E040891C2D5C940084299E /* Ext_Controller.m in Sources */ = {isa = PBXBuildFile; fileRef = C2E040881C2D5C940084299E /* Ext_Controller.m */; settings = {ASSET_TAGS = (); }; };
		C2E0408E1C2D76FC0084299E /* ScrollControllerTest.m in Sources */ = {isa = PBXBuildFile; fileRef = C2E0408D1C2D76FC0084299E /* ScrollControllerTest.m */; settings = {ASSET_TAGS = (); }; };
/* End PBXBuildFile section */

/* Begin PBXFileReference section */
		C28BD86F1C2D825500D7136B /* DelegateB.h */ = {isa = PBXFileReference; fileEncoding = 4; lastKnownFileType = sourcecode.c.h; path = DelegateB.h; sourceTree = "<group>"; };
		C28BD8701C2D825500D7136B /* DelegateB.m */ = {isa = PBXFileReference; fileEncoding = 4; lastKnownFileType = sourcecode.c.objc; path = DelegateB.m; sourceTree = "<group>"; };
		C28BD8711C2D825500D7136B /* DelegateA.h */ = {isa = PBXFileReference; fileEncoding = 4; lastKnownFileType = sourcecode.c.h; path = DelegateA.h; sourceTree = "<group>"; };
		C28BD8721C2D825500D7136B /* DelegateA.m */ = {isa = PBXFileReference; fileEncoding = 4; lastKnownFileType = sourcecode.c.objc; path = DelegateA.m; sourceTree = "<group>"; };
		C28BD8751C2D860200D7136B /* BlockA.h */ = {isa = PBXFileReference; fileEncoding = 4; lastKnownFileType = sourcecode.c.h; path = BlockA.h; sourceTree = "<group>"; };
		C28BD8761C2D860200D7136B /* BlockA.m */ = {isa = PBXFileReference; fileEncoding = 4; lastKnownFileType = sourcecode.c.objc; path = BlockA.m; sourceTree = "<group>"; };
		C28BD8771C2D860200D7136B /* BlockB.h */ = {isa = PBXFileReference; fileEncoding = 4; lastKnownFileType = sourcecode.c.h; path = BlockB.h; sourceTree = "<group>"; };
		C28BD8781C2D860200D7136B /* BlockB.m */ = {isa = PBXFileReference; fileEncoding = 4; lastKnownFileType = sourcecode.c.objc; path = BlockB.m; sourceTree = "<group>"; };
		C2E040601C2D5AB80084299E /* ui_src.app */ = {isa = PBXFileReference; explicitFileType = wrapper.application; includeInIndex = 0; path = ui_src.app; sourceTree = BUILT_PRODUCTS_DIR; };
		C2E040641C2D5AB80084299E /* main.m */ = {isa = PBXFileReference; lastKnownFileType = sourcecode.c.objc; path = main.m; sourceTree = "<group>"; };
		C2E040661C2D5AB80084299E /* AppDelegate.h */ = {isa = PBXFileReference; lastKnownFileType = sourcecode.c.h; path = AppDelegate.h; sourceTree = "<group>"; };
		C2E040671C2D5AB80084299E /* AppDelegate.m */ = {isa = PBXFileReference; lastKnownFileType = sourcecode.c.objc; path = AppDelegate.m; sourceTree = "<group>"; };
		C2E0406D1C2D5AB80084299E /* Base */ = {isa = PBXFileReference; lastKnownFileType = file.storyboard; name = Base; path = Base.lproj/Main.storyboard; sourceTree = "<group>"; };
		C2E0406F1C2D5AB80084299E /* Assets.xcassets */ = {isa = PBXFileReference; lastKnownFileType = folder.assetcatalog; path = Assets.xcassets; sourceTree = "<group>"; };
		C2E040721C2D5AB80084299E /* Base */ = {isa = PBXFileReference; lastKnownFileType = file.storyboard; name = Base; path = Base.lproj/LaunchScreen.storyboard; sourceTree = "<group>"; };
		C2E040741C2D5AB80084299E /* Info.plist */ = {isa = PBXFileReference; lastKnownFileType = text.plist.xml; path = Info.plist; sourceTree = "<group>"; };
		C2E0407A1C2D5BA00084299E /* RootView.m */ = {isa = PBXFileReference; fileEncoding = 4; lastKnownFileType = sourcecode.c.objc; path = RootView.m; sourceTree = "<group>"; };
		C2E0407B1C2D5BA00084299E /* RootView.h */ = {isa = PBXFileReference; fileEncoding = 4; lastKnownFileType = sourcecode.c.h; path = RootView.h; sourceTree = "<group>"; };
		C2E0407C1C2D5BA00084299E /* RootViewController.m */ = {isa = PBXFileReference; fileEncoding = 4; lastKnownFileType = sourcecode.c.objc; path = RootViewController.m; sourceTree = "<group>"; };
		C2E0407D1C2D5BA00084299E /* RootViewController.h */ = {isa = PBXFileReference; fileEncoding = 4; lastKnownFileType = sourcecode.c.h; path = RootViewController.h; sourceTree = "<group>"; };
		C2E040801C2D5C620084299E /* SingleVC_Ext.h */ = {isa = PBXFileReference; fileEncoding = 4; lastKnownFileType = sourcecode.c.h; path = SingleVC_Ext.h; sourceTree = "<group>"; };
		C2E040811C2D5C620084299E /* SingleVC.h */ = {isa = PBXFileReference; fileEncoding = 4; lastKnownFileType = sourcecode.c.h; path = SingleVC.h; sourceTree = "<group>"; };
		C2E040821C2D5C620084299E /* SingleVC.m */ = {isa = PBXFileReference; fileEncoding = 4; lastKnownFileType = sourcecode.c.objc; path = SingleVC.m; sourceTree = "<group>"; };
		C2E040831C2D5C620084299E /* SingleVC+foo.h */ = {isa = PBXFileReference; fileEncoding = 4; lastKnownFileType = sourcecode.c.h; path = "SingleVC+foo.h"; sourceTree = "<group>"; };
		C2E040841C2D5C620084299E /* SingleVC+foo.m */ = {isa = PBXFileReference; fileEncoding = 4; lastKnownFileType = sourcecode.c.objc; path = "SingleVC+foo.m"; sourceTree = "<group>"; };
		C2E040871C2D5C940084299E /* Ext_Controller.h */ = {isa = PBXFileReference; fileEncoding = 4; lastKnownFileType = sourcecode.c.h; path = Ext_Controller.h; sourceTree = "<group>"; };
		C2E040881C2D5C940084299E /* Ext_Controller.m */ = {isa = PBXFileReference; fileEncoding = 4; lastKnownFileType = sourcecode.c.objc; path = Ext_Controller.m; sourceTree = "<group>"; };
		C2E0408C1C2D76FC0084299E /* ScrollControllerTest.h */ = {isa = PBXFileReference; fileEncoding = 4; lastKnownFileType = sourcecode.c.h; path = ScrollControllerTest.h; sourceTree = "<group>"; };
		C2E0408D1C2D76FC0084299E /* ScrollControllerTest.m */ = {isa = PBXFileReference; fileEncoding = 4; lastKnownFileType = sourcecode.c.objc; path = ScrollControllerTest.m; sourceTree = "<group>"; };
/* End PBXFileReference section */

/* Begin PBXFrameworksBuildPhase section */
		C2E0405D1C2D5AB80084299E /* Frameworks */ = {
			isa = PBXFrameworksBuildPhase;
			buildActionMask = 2147483647;
			files = (
			);
			runOnlyForDeploymentPostprocessing = 0;
		};
/* End PBXFrameworksBuildPhase section */

/* Begin PBXGroup section */
		C28BD86E1C2D821400D7136B /* 代理和block */ = {
			isa = PBXGroup;
			children = (
				C28BD8751C2D860200D7136B /* BlockA.h */,
				C28BD8761C2D860200D7136B /* BlockA.m */,
				C28BD8771C2D860200D7136B /* BlockB.h */,
				C28BD8781C2D860200D7136B /* BlockB.m */,
				C28BD86F1C2D825500D7136B /* DelegateB.h */,
				C28BD8701C2D825500D7136B /* DelegateB.m */,
				C28BD8711C2D825500D7136B /* DelegateA.h */,
				C28BD8721C2D825500D7136B /* DelegateA.m */,
			);
			name = "代理和block";
			sourceTree = "<group>";
		};
		C2E040571C2D5AB80084299E = {
			isa = PBXGroup;
			children = (
				C2E040621C2D5AB80084299E /* ui_src */,
				C2E040611C2D5AB80084299E /* Products */,
			);
			sourceTree = "<group>";
		};
		C2E040611C2D5AB80084299E /* Products */ = {
			isa = PBXGroup;
			children = (
				C2E040601C2D5AB80084299E /* ui_src.app */,
			);
			name = Products;
			sourceTree = "<group>";
		};
		C2E040621C2D5AB80084299E /* ui_src */ = {
			isa = PBXGroup;
			children = (
				C28BD86E1C2D821400D7136B /* 代理和block */,
				C2E0408A1C2D767A0084299E /* 类的扩展 */,
				C2E0408B1C2D76AB0084299E /* UIScroll偏移 */,
				C2E040661C2D5AB80084299E /* AppDelegate.h */,
				C2E040671C2D5AB80084299E /* AppDelegate.m */,
				C2E0407B1C2D5BA00084299E /* RootView.h */,
				C2E0407A1C2D5BA00084299E /* RootView.m */,
				C2E0407D1C2D5BA00084299E /* RootViewController.h */,
				C2E0407C1C2D5BA00084299E /* RootViewController.m */,
				C2E0406C1C2D5AB80084299E /* Main.storyboard */,
				C2E0406F1C2D5AB80084299E /* Assets.xcassets */,
				C2E040711C2D5AB80084299E /* LaunchScreen.storyboard */,
				C2E040741C2D5AB80084299E /* Info.plist */,
				C2E040631C2D5AB80084299E /* Supporting Files */,
			);
			path = ui_src;
			sourceTree = "<group>";
		};
		C2E040631C2D5AB80084299E /* Supporting Files */ = {
			isa = PBXGroup;
			children = (
				C2E040641C2D5AB80084299E /* main.m */,
			);
			name = "Supporting Files";
			sourceTree = "<group>";
		};
		C2E0408A1C2D767A0084299E /* 类的扩展 */ = {
			isa = PBXGroup;
			children = (
				C2E040811C2D5C620084299E /* SingleVC.h */,
				C2E040821C2D5C620084299E /* SingleVC.m */,
				C2E040801C2D5C620084299E /* SingleVC_Ext.h */,
				C2E040831C2D5C620084299E /* SingleVC+foo.h */,
				C2E040841C2D5C620084299E /* SingleVC+foo.m */,
				C2E040871C2D5C940084299E /* Ext_Controller.h */,
				C2E040881C2D5C940084299E /* Ext_Controller.m */,
			);
			name = "类的扩展";
			sourceTree = "<group>";
		};
		C2E0408B1C2D76AB0084299E /* UIScroll偏移 */ = {
			isa = PBXGroup;
			children = (
				C2E0408C1C2D76FC0084299E /* ScrollControllerTest.h */,
				C2E0408D1C2D76FC0084299E /* ScrollControllerTest.m */,
			);
			name = "UIScroll偏移";
			sourceTree = "<group>";
		};
/* End PBXGroup section */

/* Begin PBXNativeTarget section */
		C2E0405F1C2D5AB80084299E /* ui_src */ = {
			isa = PBXNativeTarget;
			buildConfigurationList = C2E040771C2D5AB80084299E /* Build configuration list for PBXNativeTarget "ui_src" */;
			buildPhases = (
				C2E0405C1C2D5AB80084299E /* Sources */,
				C2E0405D1C2D5AB80084299E /* Frameworks */,
				C2E0405E1C2D5AB80084299E /* Resources */,
			);
			buildRules = (
			);
			dependencies = (
			);
			name = ui_src;
			productName = ui_src;
			productReference = C2E040601C2D5AB80084299E /* ui_src.app */;
			productType = "com.apple.product-type.application";
		};
/* End PBXNativeTarget section */

/* Begin PBXProject section */
		C2E040581C2D5AB80084299E /* Project object */ = {
			isa = PBXProject;
			attributes = {
				LastUpgradeCheck = 0700;
				ORGANIZATIONNAME = lanou3g;
				TargetAttributes = {
					C2E0405F1C2D5AB80084299E = {
						CreatedOnToolsVersion = 7.0;
					};
				};
			};
			buildConfigurationList = C2E0405B1C2D5AB80084299E /* Build configuration list for PBXProject "ui_src" */;
			compatibilityVersion = "Xcode 3.2";
			developmentRegion = English;
			hasScannedForEncodings = 0;
			knownRegions = (
				en,
				Base,
			);
			mainGroup = C2E040571C2D5AB80084299E;
			productRefGroup = C2E040611C2D5AB80084299E /* Products */;
			projectDirPath = "";
			projectRoot = "";
			targets = (
				C2E0405F1C2D5AB80084299E /* ui_src */,
			);
		};
/* End PBXProject section */

/* Begin PBXResourcesBuildPhase section */
		C2E0405E1C2D5AB80084299E /* Resources */ = {
			isa = PBXResourcesBuildPhase;
			buildActionMask = 2147483647;
			files = (
				C2E040731C2D5AB80084299E /* LaunchScreen.storyboard in Resources */,
				C2E040701C2D5AB80084299E /* Assets.xcassets in Resources */,
				C2E0406E1C2D5AB80084299E /* Main.storyboard in Resources */,
			);
			runOnlyForDeploymentPostprocessing = 0;
		};
/* End PBXResourcesBuildPhase section */

/* Begin PBXSourcesBuildPhase section */
		C2E0405C1C2D5AB80084299E /* Sources */ = {
			isa = PBXSourcesBuildPhase;
			buildActionMask = 2147483647;
			files = (
				C28BD8731C2D825500D7136B /* DelegateB.m in Sources */,
				C2E040681C2D5AB80084299E /* AppDelegate.m in Sources */,
				C2E040861C2D5C620084299E /* SingleVC+foo.m in Sources */,
				C2E040891C2D5C940084299E /* Ext_Controller.m in Sources */,
				C28BD87A1C2D860200D7136B /* BlockB.m in Sources */,
				C2E0407E1C2D5BA00084299E /* RootView.m in Sources */,
				C2E0408E1C2D76FC0084299E /* ScrollControllerTest.m in Sources */,
				C28BD8791C2D860200D7136B /* BlockA.m in Sources */,
				C28BD8741C2D825500D7136B /* DelegateA.m in Sources */,
				C2E040851C2D5C620084299E /* SingleVC.m in Sources */,
				C2E0407F1C2D5BA00084299E /* RootViewController.m in Sources */,
				C2E040651C2D5AB80084299E /* main.m in Sources */,
			);
			runOnlyForDeploymentPostprocessing = 0;
		};
/* End PBXSourcesBuildPhase section */

/* Begin PBXVariantGroup section */
		C2E0406C1C2D5AB80084299E /* Main.storyboard */ = {
			isa = PBXVariantGroup;
			children = (
				C2E0406D1C2D5AB80084299E /* Base */,
			);
			name = Main.storyboard;
			sourceTree = "<group>";
		};
		C2E040711C2D5AB80084299E /* LaunchScreen.storyboard */ = {
			isa = PBXVariantGroup;
			children = (
				C2E040721C2D5AB80084299E /* Base */,
			);
			name = LaunchScreen.storyboard;
			sourceTree = "<group>";
		};
/* End PBXVariantGroup section */

/* Begin XCBuildConfiguration section */
		C2E040751C2D5AB80084299E /* Debug */ = {
			isa = XCBuildConfiguration;
			buildSettings = {
				ALWAYS_SEARCH_USER_PATHS = NO;
				CLANG_CXX_LANGUAGE_STANDARD = "gnu++0x";
				CLANG_CXX_LIBRARY = "libc++";
				CLANG_ENABLE_MODULES = YES;
				CLANG_ENABLE_OBJC_ARC = YES;
				CLANG_WARN_BOOL_CONVERSION = YES;
				CLANG_WARN_CONSTANT_CONVERSION = YES;
				CLANG_WARN_DIRECT_OBJC_ISA_USAGE = YES_ERROR;
				CLANG_WARN_EMPTY_BODY = YES;
				CLANG_WARN_ENUM_CONVERSION = YES;
				CLANG_WARN_INT_CONVERSION = YES;
				CLANG_WARN_OBJC_ROOT_CLASS = YES_ERROR;
				CLANG_WARN_UNREACHABLE_CODE = YES;
				CLANG_WARN__DUPLICATE_METHOD_MATCH = YES;
				"CODE_SIGN_IDENTITY[sdk=iphoneos*]" = "iPhone Developer";
				COPY_PHASE_STRIP = NO;
				DEBUG_INFORMATION_FORMAT = dwarf;
				ENABLE_STRICT_OBJC_MSGSEND = YES;
				ENABLE_TESTABILITY = YES;
				GCC_C_LANGUAGE_STANDARD = gnu99;
				GCC_DYNAMIC_NO_PIC = NO;
				GCC_NO_COMMON_BLOCKS = YES;
				GCC_OPTIMIZATION_LEVEL = 0;
				GCC_PREPROCESSOR_DEFINITIONS = (
					"DEBUG=1",
					"$(inherited)",
				);
				GCC_WARN_64_TO_32_BIT_CONVERSION = YES;
				GCC_WARN_ABOUT_RETURN_TYPE = YES_ERROR;
				GCC_WARN_UNDECLARED_SELECTOR = YES;
				GCC_WARN_UNINITIALIZED_AUTOS = YES_AGGRESSIVE;
				GCC_WARN_UNUSED_FUNCTION = YES;
				GCC_WARN_UNUSED_VARIABLE = YES;
				IPHONEOS_DEPLOYMENT_TARGET = 9.0;
				MTL_ENABLE_DEBUG_INFO = YES;
				ONLY_ACTIVE_ARCH = YES;
				SDKROOT = iphoneos;
			};
			name = Debug;
		};
		C2E040761C2D5AB80084299E /* Release */ = {
			isa = XCBuildConfiguration;
			buildSettings = {
				ALWAYS_SEARCH_USER_PATHS = NO;
				CLANG_CXX_LANGUAGE_STANDARD = "gnu++0x";
				CLANG_CXX_LIBRARY = "libc++";
				CLANG_ENABLE_MODULES = YES;
				CLANG_ENABLE_OBJC_ARC = YES;
				CLANG_WARN_BOOL_CONVERSION = YES;
				CLANG_WARN_CONSTANT_CONVERSION = YES;
				CLANG_WARN_DIRECT_OBJC_ISA_USAGE = YES_ERROR;
				CLANG_WARN_EMPTY_BODY = YES;
				CLANG_WARN_ENUM_CONVERSION = YES;
				CLANG_WARN_INT_CONVERSION = YES;
				CLANG_WARN_OBJC_ROOT_CLASS = YES_ERROR;
				CLANG_WARN_UNREACHABLE_CODE = YES;
				CLANG_WARN__DUPLICATE_METHOD_MATCH = YES;
				"CODE_SIGN_IDENTITY[sdk=iphoneos*]" = "iPhone Developer";
				COPY_PHASE_STRIP = NO;
				DEBUG_INFORMATION_FORMAT = "dwarf-with-dsym";
				ENABLE_NS_ASSERTIONS = NO;
				ENABLE_STRICT_OBJC_MSGSEND = YES;
				GCC_C_LANGUAGE_STANDARD = gnu99;
				GCC_NO_COMMON_BLOCKS = YES;
				GCC_WARN_64_TO_32_BIT_CONVERSION = YES;
				GCC_WARN_ABOUT_RETURN_TYPE = YES_ERROR;
				GCC_WARN_UNDECLARED_SELECTOR = YES;
				GCC_WARN_UNINITIALIZED_AUTOS = YES_AGGRESSIVE;
				GCC_WARN_UNUSED_FUNCTION = YES;
				GCC_WARN_UNUSED_VARIABLE = YES;
				IPHONEOS_DEPLOYMENT_TARGET = 9.0;
				MTL_ENABLE_DEBUG_INFO = NO;
				SDKROOT = iphoneos;
				VALIDATE_PRODUCT = YES;
			};
			name = Release;
		};
		C2E040781C2D5AB80084299E /* Debug */ = {
			isa = XCBuildConfiguration;
			buildSettings = {
				ASSETCATALOG_COMPILER_APPICON_NAME = AppIcon;
				INFOPLIST_FILE = ui_src/Info.plist;
				LD_RUNPATH_SEARCH_PATHS = "$(inherited) @executable_path/Frameworks";
				PRODUCT_BUNDLE_IDENTIFIER = "com.lanou3g.ui-src";
				PRODUCT_NAME = "$(TARGET_NAME)";
			};
			name = Debug;
		};
		C2E040791C2D5AB80084299E /* Release */ = {
			isa = XCBuildConfiguration;
			buildSettings = {
				ASSETCATALOG_COMPILER_APPICON_NAME = AppIcon;
				INFOPLIST_FILE = ui_src/Info.plist;
				LD_RUNPATH_SEARCH_PATHS = "$(inherited) @executable_path/Frameworks";
				PRODUCT_BUNDLE_IDENTIFIER = "com.lanou3g.ui-src";
				PRODUCT_NAME = "$(TARGET_NAME)";
			};
			name = Release;
		};
/* End XCBuildConfiguration section */

/* Begin XCConfigurationList section */
		C2E0405B1C2D5AB80084299E /* Build configuration list for PBXProject "ui_src" */ = {
			isa = XCConfigurationList;
			buildConfigurations = (
				C2E040751C2D5AB80084299E /* Debug */,
				C2E040761C2D5AB80084299E /* Release */,
			);
			defaultConfigurationIsVisible = 0;
			defaultConfigurationName = Release;
		};
		C2E040771C2D5AB80084299E /* Build configuration list for PBXNativeTarget "ui_src" */ = {
			isa = XCConfigurationList;
			buildConfigurations = (
				C2E040781C2D5AB80084299E /* Debug */,
				C2E040791C2D5AB80084299E /* Release */,
			);
			defaultConfigurationIsVisible = 0;
			defaultConfigurationName = Release;
		};
/* End XCConfigurationList section */
	};
	rootObject = C2E040581C2D5AB80084299E /* Project object */;
}
